{
    "_readme": [
        "This file locks the dependencies of your project to a known state",
        "Read more about it at https://getcomposer.org/doc/01-basic-usage.md#installing-dependencies",
        "This file is @generated automatically"
    ],
    "content-hash": "04e3464d2c538cd74848e5e6a4210053",
    "packages": [
        {
            "name": "monirsaikat/php22",
            "version": "dev-main",
            "dist": {
                "type": "path",
                "url": "../framework",
                "reference": "6da6c11c5957173fda23f1f202598afa0221d5f1"
            },
            "type": "library",
            "autoload": {
                "psr-4": {
                    "Php22\\": "src/"
                },
                "files": [
                    "src/helpers.php",
                    "src/frame/framework_helpers.php"
                ]
            },
            "license": [
                "MIT"
            ],
            "authors": [
                {
                    "name": "Moniruzzaman Saikat",
                    "email": "monirsaikat1@gmail.com"
                }
            ],
            "description": "A lightweight PHP framework for custom applications.",
            "transport-options": {
                "symlink": true,
                "relative": true
            }
        }
    ],
    "packages-dev": [],
    "aliases": [],
    "minimum-stability": "stable",
    "stability-flags": {
        "monirsaikat/php22": 20
    },
    "prefer-stable": false,
    "prefer-lowest": false,
    "platform": {},
    "platform-dev": {},
    "plugin-api-version": "2.6.0"
}
